
Microsoft Visual Studio Solution File, Format Version 12.00
# Visual Studio Version 17
VisualStudioVersion = 17.1.32319.34
MinimumVisualStudioVersion = 10.0.40219.1
Project("{9A19103F-16F7-4668-BE54-9A1E7A4F7556}") = "Main", "Main\Main.csproj", "{0D3B88A3-9A8C-4100-B695-A969346F53E1}"
EndProject
Project("{9A19103F-16F7-4668-BE54-9A1E7A4F7556}") = "NetConcepts.Model", "NetConcepts.Model\NetConcepts.Model.csproj", "{66286E6F-EFC1-4F64-8493-9DA8B9BC761F}"
EndProject
Project("{9A19103F-16F7-4668-BE54-9A1E7A4F7556}") = "NetConcepts.MultiThread", "NetConcepts.MultiThread\NetConcepts.MultiThread.csproj", "{687AF110-8477-403F-8CA9-69629D9575E2}"
EndProject
Project("{9A19103F-16F7-4668-BE54-9A1E7A4F7556}") = "NetConcepts.DynamicProgramming", "NetConcepts.DynamicProgramming\NetConcepts.DynamicProgramming.csproj", "{89D9A796-4A7B-4755-8EC7-82D57DF25839}"
EndProject
Project("{2150E333-8FDC-42A3-9474-1A3956D46DE8}") = "Application", "Application", "{44EB24A0-D5EE-40BC-93B1-924EFCF5C53A}"
EndProject
Project("{2150E333-8FDC-42A3-9474-1A3956D46DE8}") = "Core", "Core", "{30959CA0-AD8C-4B6B-92C6-C2017D5A62FB}"
EndProject
Project("{9A19103F-16F7-4668-BE54-9A1E7A4F7556}") = "MailService.AWS.SES", "MailService.AWS.SES\MailService.AWS.SES.csproj", "{ABC2401A-656E-49BF-8ED3-E58176A2854C}"
EndProject
Project("{9A19103F-16F7-4668-BE54-9A1E7A4F7556}") = "MailService.SMTP", "MailService.SMTP\MailService.SMTP.csproj", "{3A502BCC-BF8A-46A6-8C1C-ABBD96E2455D}"
EndProject
Project("{9A19103F-16F7-4668-BE54-9A1E7A4F7556}") = "Core", "Core\Core.csproj", "{4D295886-8D39-469F-8315-23361EFBD595}"
EndProject
Global
	GlobalSection(SolutionConfigurationPlatforms) = preSolution
		Debug|Any CPU = Debug|Any CPU
		Release|Any CPU = Release|Any CPU
	EndGlobalSection
	GlobalSection(ProjectConfigurationPlatforms) = postSolution
		{0D3B88A3-9A8C-4100-B695-A969346F53E1}.Debug|Any CPU.ActiveCfg = Debug|Any CPU
		{0D3B88A3-9A8C-4100-B695-A969346F53E1}.Debug|Any CPU.Build.0 = Debug|Any CPU
		{0D3B88A3-9A8C-4100-B695-A969346F53E1}.Release|Any CPU.ActiveCfg = Release|Any CPU
		{0D3B88A3-9A8C-4100-B695-A969346F53E1}.Release|Any CPU.Build.0 = Release|Any CPU
		{66286E6F-EFC1-4F64-8493-9DA8B9BC761F}.Debug|Any CPU.ActiveCfg = Debug|Any CPU
		{66286E6F-EFC1-4F64-8493-9DA8B9BC761F}.Debug|Any CPU.Build.0 = Debug|Any CPU
		{66286E6F-EFC1-4F64-8493-9DA8B9BC761F}.Release|Any CPU.ActiveCfg = Release|Any CPU
		{66286E6F-EFC1-4F64-8493-9DA8B9BC761F}.Release|Any CPU.Build.0 = Release|Any CPU
		{687AF110-8477-403F-8CA9-69629D9575E2}.Debug|Any CPU.ActiveCfg = Debug|Any CPU
		{687AF110-8477-403F-8CA9-69629D9575E2}.Debug|Any CPU.Build.0 = Debug|Any CPU
		{687AF110-8477-403F-8CA9-69629D9575E2}.Release|Any CPU.ActiveCfg = Release|Any CPU
		{687AF110-8477-403F-8CA9-69629D9575E2}.Release|Any CPU.Build.0 = Release|Any CPU
		{89D9A796-4A7B-4755-8EC7-82D57DF25839}.Debug|Any CPU.ActiveCfg = Debug|Any CPU
		{89D9A796-4A7B-4755-8EC7-82D57DF25839}.Debug|Any CPU.Build.0 = Debug|Any CPU
		{89D9A796-4A7B-4755-8EC7-82D57DF25839}.Release|Any CPU.ActiveCfg = Release|Any CPU
		{89D9A796-4A7B-4755-8EC7-82D57DF25839}.Release|Any CPU.Build.0 = Release|Any CPU
		{ABC2401A-656E-49BF-8ED3-E58176A2854C}.Debug|Any CPU.ActiveCfg = Debug|Any CPU
		{ABC2401A-656E-49BF-8ED3-E58176A2854C}.Debug|Any CPU.Build.0 = Debug|Any CPU
		{ABC2401A-656E-49BF-8ED3-E58176A2854C}.Release|Any CPU.ActiveCfg = Release|Any CPU
		{ABC2401A-656E-49BF-8ED3-E58176A2854C}.Release|Any CPU.Build.0 = Release|Any CPU
		{3A502BCC-BF8A-46A6-8C1C-ABBD96E2455D}.Debug|Any CPU.ActiveCfg = Debug|Any CPU
		{3A502BCC-BF8A-46A6-8C1C-ABBD96E2455D}.Debug|Any CPU.Build.0 = Debug|Any CPU
		{3A502BCC-BF8A-46A6-8C1C-ABBD96E2455D}.Release|Any CPU.ActiveCfg = Release|Any CPU
		{3A502BCC-BF8A-46A6-8C1C-ABBD96E2455D}.Release|Any CPU.Build.0 = Release|Any CPU
		{4D295886-8D39-469F-8315-23361EFBD595}.Debug|Any CPU.ActiveCfg = Debug|Any CPU
		{4D295886-8D39-469F-8315-23361EFBD595}.Debug|Any CPU.Build.0 = Debug|Any CPU
		{4D295886-8D39-469F-8315-23361EFBD595}.Release|Any CPU.ActiveCfg = Release|Any CPU
		{4D295886-8D39-469F-8315-23361EFBD595}.Release|Any CPU.Build.0 = Release|Any CPU
	EndGlobalSection
	GlobalSection(SolutionProperties) = preSolution
		HideSolutionNode = FALSE
	EndGlobalSection
	GlobalSection(NestedProjects) = preSolution
		{ABC2401A-656E-49BF-8ED3-E58176A2854C} = {44EB24A0-D5EE-40BC-93B1-924EFCF5C53A}
		{3A502BCC-BF8A-46A6-8C1C-ABBD96E2455D} = {44EB24A0-D5EE-40BC-93B1-924EFCF5C53A}
		{4D295886-8D39-469F-8315-23361EFBD595} = {30959CA0-AD8C-4B6B-92C6-C2017D5A62FB}
	EndGlobalSection
	GlobalSection(ExtensibilityGlobals) = postSolution
		SolutionGuid = {07A89AE0-138E-4764-A627-6BBC0C001C79}
	EndGlobalSection
EndGlobal
