
Microsoft Visual Studio Solution File, Format Version 12.00
# Visual Studio Version 17
VisualStudioVersion = 17.1.32319.34
MinimumVisualStudioVersion = 10.0.40219.1
Project("{9A19103F-16F7-4668-BE54-9A1E7A4F7556}") = "Main", "Main\Main.csproj", "{0D3B88A3-9A8C-4100-B695-A969346F53E1}"
EndProject
Project("{9A19103F-16F7-4668-BE54-9A1E7A4F7556}") = "NetConcepts.Model", "NetConcepts.Model\NetConcepts.Model.csproj", "{66286E6F-EFC1-4F64-8493-9DA8B9BC761F}"
EndProject
Project("{9A19103F-16F7-4668-BE54-9A1E7A4F7556}") = "NetConcepts.MultiThread", "NetConcepts.MultiThread\NetConcepts.MultiThread.csproj", "{687AF110-8477-403F-8CA9-69629D9575E2}"
EndProject
Project("{9A19103F-16F7-4668-BE54-9A1E7A4F7556}") = "NetConcepts.DynamicProgramming", "NetConcepts.DynamicProgramming\NetConcepts.DynamicProgramming.csproj", "{89D9A796-4A7B-4755-8EC7-82D57DF25839}"
EndProject
Project("{2150E333-8FDC-42A3-9474-1A3956D46DE8}") = "Core", "Core", "{55CDE1C8-5824-47BB-9820-BA6768010B32}"
EndProject
Project("{9A19103F-16F7-4668-BE54-9A1E7A4F7556}") = "Core", "Core\Core.csproj", "{598852A3-4651-4693-8F81-45D642D784CC}"
EndProject
Project("{2150E333-8FDC-42A3-9474-1A3956D46DE8}") = "Application", "Application", "{1D3CD911-594A-495C-9583-38CE89E67961}"
EndProject
Project("{9A19103F-16F7-4668-BE54-9A1E7A4F7556}") = "MailService.AWS.SES", "MailService.AWS.SES\MailService.AWS.SES.csproj", "{E5F99FDC-040B-4687-BBC4-9B86E2D33187}"
EndProject
Project("{9A19103F-16F7-4668-BE54-9A1E7A4F7556}") = "MailService.SMTP", "MailService.SMTP\MailService.SMTP.csproj", "{A01C8F07-30FB-41A1-AA8D-87F7AD5B3390}"
EndProject
Project("{FAE04EC0-301F-11D3-BF4B-00C04F79EFBC}") = "MailService.Azure", "MailService.Azure\MailService.Azure.csproj", "{8E42EBD8-A1C2-413D-BC5F-720F7BB4CA51}"
EndProject
Global
	GlobalSection(SolutionConfigurationPlatforms) = preSolution
		Debug|Any CPU = Debug|Any CPU
		Release|Any CPU = Release|Any CPU
	EndGlobalSection
	GlobalSection(ProjectConfigurationPlatforms) = postSolution
		{0D3B88A3-9A8C-4100-B695-A969346F53E1}.Debug|Any CPU.ActiveCfg = Debug|Any CPU
		{0D3B88A3-9A8C-4100-B695-A969346F53E1}.Debug|Any CPU.Build.0 = Debug|Any CPU
		{0D3B88A3-9A8C-4100-B695-A969346F53E1}.Release|Any CPU.ActiveCfg = Release|Any CPU
		{0D3B88A3-9A8C-4100-B695-A969346F53E1}.Release|Any CPU.Build.0 = Release|Any CPU
		{66286E6F-EFC1-4F64-8493-9DA8B9BC761F}.Debug|Any CPU.ActiveCfg = Debug|Any CPU
		{66286E6F-EFC1-4F64-8493-9DA8B9BC761F}.Debug|Any CPU.Build.0 = Debug|Any CPU
		{66286E6F-EFC1-4F64-8493-9DA8B9BC761F}.Release|Any CPU.ActiveCfg = Release|Any CPU
		{66286E6F-EFC1-4F64-8493-9DA8B9BC761F}.Release|Any CPU.Build.0 = Release|Any CPU
		{687AF110-8477-403F-8CA9-69629D9575E2}.Debug|Any CPU.ActiveCfg = Debug|Any CPU
		{687AF110-8477-403F-8CA9-69629D9575E2}.Debug|Any CPU.Build.0 = Debug|Any CPU
		{687AF110-8477-403F-8CA9-69629D9575E2}.Release|Any CPU.ActiveCfg = Release|Any CPU
		{687AF110-8477-403F-8CA9-69629D9575E2}.Release|Any CPU.Build.0 = Release|Any CPU
		{89D9A796-4A7B-4755-8EC7-82D57DF25839}.Debug|Any CPU.ActiveCfg = Debug|Any CPU
		{89D9A796-4A7B-4755-8EC7-82D57DF25839}.Debug|Any CPU.Build.0 = Debug|Any CPU
		{89D9A796-4A7B-4755-8EC7-82D57DF25839}.Release|Any CPU.ActiveCfg = Release|Any CPU
		{89D9A796-4A7B-4755-8EC7-82D57DF25839}.Release|Any CPU.Build.0 = Release|Any CPU
		{598852A3-4651-4693-8F81-45D642D784CC}.Debug|Any CPU.ActiveCfg = Debug|Any CPU
		{598852A3-4651-4693-8F81-45D642D784CC}.Debug|Any CPU.Build.0 = Debug|Any CPU
		{598852A3-4651-4693-8F81-45D642D784CC}.Release|Any CPU.ActiveCfg = Release|Any CPU
		{598852A3-4651-4693-8F81-45D642D784CC}.Release|Any CPU.Build.0 = Release|Any CPU
		{E5F99FDC-040B-4687-BBC4-9B86E2D33187}.Debug|Any CPU.ActiveCfg = Debug|Any CPU
		{E5F99FDC-040B-4687-BBC4-9B86E2D33187}.Debug|Any CPU.Build.0 = Debug|Any CPU
		{E5F99FDC-040B-4687-BBC4-9B86E2D33187}.Release|Any CPU.ActiveCfg = Release|Any CPU
		{E5F99FDC-040B-4687-BBC4-9B86E2D33187}.Release|Any CPU.Build.0 = Release|Any CPU
		{A01C8F07-30FB-41A1-AA8D-87F7AD5B3390}.Debug|Any CPU.ActiveCfg = Debug|Any CPU
		{A01C8F07-30FB-41A1-AA8D-87F7AD5B3390}.Debug|Any CPU.Build.0 = Debug|Any CPU
		{A01C8F07-30FB-41A1-AA8D-87F7AD5B3390}.Release|Any CPU.ActiveCfg = Release|Any CPU
		{A01C8F07-30FB-41A1-AA8D-87F7AD5B3390}.Release|Any CPU.Build.0 = Release|Any CPU
		{8E42EBD8-A1C2-413D-BC5F-720F7BB4CA51}.Debug|Any CPU.ActiveCfg = Debug|Any CPU
		{8E42EBD8-A1C2-413D-BC5F-720F7BB4CA51}.Debug|Any CPU.Build.0 = Debug|Any CPU
		{8E42EBD8-A1C2-413D-BC5F-720F7BB4CA51}.Release|Any CPU.ActiveCfg = Release|Any CPU
		{8E42EBD8-A1C2-413D-BC5F-720F7BB4CA51}.Release|Any CPU.Build.0 = Release|Any CPU
	EndGlobalSection
	GlobalSection(SolutionProperties) = preSolution
		HideSolutionNode = FALSE
	EndGlobalSection
	GlobalSection(NestedProjects) = preSolution
		{598852A3-4651-4693-8F81-45D642D784CC} = {55CDE1C8-5824-47BB-9820-BA6768010B32}
		{E5F99FDC-040B-4687-BBC4-9B86E2D33187} = {1D3CD911-594A-495C-9583-38CE89E67961}
		{A01C8F07-30FB-41A1-AA8D-87F7AD5B3390} = {1D3CD911-594A-495C-9583-38CE89E67961}
		{8E42EBD8-A1C2-413D-BC5F-720F7BB4CA51} = {1D3CD911-594A-495C-9583-38CE89E67961}
	EndGlobalSection
	GlobalSection(ExtensibilityGlobals) = postSolution
		SolutionGuid = {07A89AE0-138E-4764-A627-6BBC0C001C79}
	EndGlobalSection
EndGlobal
