
Microsoft Visual Studio Solution File, Format Version 12.00
# Visual Studio Version 17
VisualStudioVersion = 17.3.32811.315
MinimumVisualStudioVersion = 10.0.40219.1
Project("{9A19103F-16F7-4668-BE54-9A1E7A4F7556}") = "EmployeeManagementApi", "EmployeeManagementApi\EmployeeManagementApi.csproj", "{09C9C8F2-8733-494B-AFEE-D650ABDAC641}"
EndProject
Project("{9A19103F-16F7-4668-BE54-9A1E7A4F7556}") = "Examples", "Examples\Examples.csproj", "{ED6851C7-C429-49DC-9D05-D410AEF7B032}"
EndProject
Project("{2150E333-8FDC-42A3-9474-1A3956D46DE8}") = "Tests", "Tests", "{A855F008-6D5E-4901-8ED6-0215E00AB5C7}"
EndProject
Project("{9A19103F-16F7-4668-BE54-9A1E7A4F7556}") = "EmployeeManagementApi.Tests", "EmployeeManagementApi.Tests\EmployeeManagementApi.Tests.csproj", "{3AEBF32E-06E8-41EA-9AB5-68C5FF7B0AD7}"
EndProject
Project("{2150E333-8FDC-42A3-9474-1A3956D46DE8}") = "Infra", "Infra", "{B7799EAD-CE1D-45BA-A8F5-153D462F778E}"
EndProject
Project("{2150E333-8FDC-42A3-9474-1A3956D46DE8}") = "DBServices", "DBServices", "{FB0D2784-4E4F-46D1-AA29-8A4AAD714376}"
EndProject
Project("{2150E333-8FDC-42A3-9474-1A3956D46DE8}") = "EmailServices", "EmailServices", "{5952F48C-9D3F-493D-AA0E-7A82B1F647F9}"
EndProject
Project("{9A19103F-16F7-4668-BE54-9A1E7A4F7556}") = "Core", "Core\Core.csproj", "{6E81CC81-26D2-4786-A30B-9372F876A9EA}"
EndProject
Project("{9A19103F-16F7-4668-BE54-9A1E7A4F7556}") = "SqlServer", "SqlServer\SqlServer.csproj", "{B3258739-CC1F-40BC-B8E5-ECC6DA347E7E}"
EndProject
Project("{9A19103F-16F7-4668-BE54-9A1E7A4F7556}") = "AWS.SES", "AWS.SES\AWS.SES.csproj", "{58B8D93E-F66F-49E9-B5AC-876880522C50}"
EndProject
Project("{9A19103F-16F7-4668-BE54-9A1E7A4F7556}") = "SMTPMailService", "SMTPMailService\SMTPMailService.csproj", "{374FCDC1-B283-4505-A571-CFDECBB112E1}"
EndProject
Project("{9A19103F-16F7-4668-BE54-9A1E7A4F7556}") = "LiteDbServer", "LiteDb\LiteDbServer.csproj", "{283993B3-5B38-4E3E-8C41-BFAB8B8A374A}"
EndProject
Project("{FAE04EC0-301F-11D3-BF4B-00C04F79EFBC}") = "Mongo", "Mongo\Mongo.csproj", "{845AA552-0B37-443D-9049-A87912680EDA}"
EndProject
Global
	GlobalSection(SolutionConfigurationPlatforms) = preSolution
		Debug|Any CPU = Debug|Any CPU
		Release|Any CPU = Release|Any CPU
	EndGlobalSection
	GlobalSection(ProjectConfigurationPlatforms) = postSolution
		{09C9C8F2-8733-494B-AFEE-D650ABDAC641}.Debug|Any CPU.ActiveCfg = Debug|Any CPU
		{09C9C8F2-8733-494B-AFEE-D650ABDAC641}.Debug|Any CPU.Build.0 = Debug|Any CPU
		{09C9C8F2-8733-494B-AFEE-D650ABDAC641}.Release|Any CPU.ActiveCfg = Release|Any CPU
		{09C9C8F2-8733-494B-AFEE-D650ABDAC641}.Release|Any CPU.Build.0 = Release|Any CPU
		{ED6851C7-C429-49DC-9D05-D410AEF7B032}.Debug|Any CPU.ActiveCfg = Debug|Any CPU
		{ED6851C7-C429-49DC-9D05-D410AEF7B032}.Debug|Any CPU.Build.0 = Debug|Any CPU
		{ED6851C7-C429-49DC-9D05-D410AEF7B032}.Release|Any CPU.ActiveCfg = Release|Any CPU
		{ED6851C7-C429-49DC-9D05-D410AEF7B032}.Release|Any CPU.Build.0 = Release|Any CPU
		{3AEBF32E-06E8-41EA-9AB5-68C5FF7B0AD7}.Debug|Any CPU.ActiveCfg = Debug|Any CPU
		{3AEBF32E-06E8-41EA-9AB5-68C5FF7B0AD7}.Debug|Any CPU.Build.0 = Debug|Any CPU
		{3AEBF32E-06E8-41EA-9AB5-68C5FF7B0AD7}.Release|Any CPU.ActiveCfg = Release|Any CPU
		{3AEBF32E-06E8-41EA-9AB5-68C5FF7B0AD7}.Release|Any CPU.Build.0 = Release|Any CPU
		{6E81CC81-26D2-4786-A30B-9372F876A9EA}.Debug|Any CPU.ActiveCfg = Debug|Any CPU
		{6E81CC81-26D2-4786-A30B-9372F876A9EA}.Debug|Any CPU.Build.0 = Debug|Any CPU
		{6E81CC81-26D2-4786-A30B-9372F876A9EA}.Release|Any CPU.ActiveCfg = Release|Any CPU
		{6E81CC81-26D2-4786-A30B-9372F876A9EA}.Release|Any CPU.Build.0 = Release|Any CPU
		{B3258739-CC1F-40BC-B8E5-ECC6DA347E7E}.Debug|Any CPU.ActiveCfg = Debug|Any CPU
		{B3258739-CC1F-40BC-B8E5-ECC6DA347E7E}.Debug|Any CPU.Build.0 = Debug|Any CPU
		{B3258739-CC1F-40BC-B8E5-ECC6DA347E7E}.Release|Any CPU.ActiveCfg = Release|Any CPU
		{B3258739-CC1F-40BC-B8E5-ECC6DA347E7E}.Release|Any CPU.Build.0 = Release|Any CPU
		{58B8D93E-F66F-49E9-B5AC-876880522C50}.Debug|Any CPU.ActiveCfg = Debug|Any CPU
		{58B8D93E-F66F-49E9-B5AC-876880522C50}.Debug|Any CPU.Build.0 = Debug|Any CPU
		{58B8D93E-F66F-49E9-B5AC-876880522C50}.Release|Any CPU.ActiveCfg = Release|Any CPU
		{58B8D93E-F66F-49E9-B5AC-876880522C50}.Release|Any CPU.Build.0 = Release|Any CPU
		{374FCDC1-B283-4505-A571-CFDECBB112E1}.Debug|Any CPU.ActiveCfg = Debug|Any CPU
		{374FCDC1-B283-4505-A571-CFDECBB112E1}.Debug|Any CPU.Build.0 = Debug|Any CPU
		{374FCDC1-B283-4505-A571-CFDECBB112E1}.Release|Any CPU.ActiveCfg = Release|Any CPU
		{374FCDC1-B283-4505-A571-CFDECBB112E1}.Release|Any CPU.Build.0 = Release|Any CPU
		{283993B3-5B38-4E3E-8C41-BFAB8B8A374A}.Debug|Any CPU.ActiveCfg = Debug|Any CPU
		{283993B3-5B38-4E3E-8C41-BFAB8B8A374A}.Debug|Any CPU.Build.0 = Debug|Any CPU
		{283993B3-5B38-4E3E-8C41-BFAB8B8A374A}.Release|Any CPU.ActiveCfg = Release|Any CPU
		{283993B3-5B38-4E3E-8C41-BFAB8B8A374A}.Release|Any CPU.Build.0 = Release|Any CPU
		{845AA552-0B37-443D-9049-A87912680EDA}.Debug|Any CPU.ActiveCfg = Debug|Any CPU
		{845AA552-0B37-443D-9049-A87912680EDA}.Debug|Any CPU.Build.0 = Debug|Any CPU
		{845AA552-0B37-443D-9049-A87912680EDA}.Release|Any CPU.ActiveCfg = Release|Any CPU
		{845AA552-0B37-443D-9049-A87912680EDA}.Release|Any CPU.Build.0 = Release|Any CPU
	EndGlobalSection
	GlobalSection(SolutionProperties) = preSolution
		HideSolutionNode = FALSE
	EndGlobalSection
	GlobalSection(NestedProjects) = preSolution
		{3AEBF32E-06E8-41EA-9AB5-68C5FF7B0AD7} = {A855F008-6D5E-4901-8ED6-0215E00AB5C7}
		{FB0D2784-4E4F-46D1-AA29-8A4AAD714376} = {B7799EAD-CE1D-45BA-A8F5-153D462F778E}
		{5952F48C-9D3F-493D-AA0E-7A82B1F647F9} = {B7799EAD-CE1D-45BA-A8F5-153D462F778E}
		{6E81CC81-26D2-4786-A30B-9372F876A9EA} = {B7799EAD-CE1D-45BA-A8F5-153D462F778E}
		{B3258739-CC1F-40BC-B8E5-ECC6DA347E7E} = {FB0D2784-4E4F-46D1-AA29-8A4AAD714376}
		{58B8D93E-F66F-49E9-B5AC-876880522C50} = {5952F48C-9D3F-493D-AA0E-7A82B1F647F9}
		{374FCDC1-B283-4505-A571-CFDECBB112E1} = {5952F48C-9D3F-493D-AA0E-7A82B1F647F9}
		{283993B3-5B38-4E3E-8C41-BFAB8B8A374A} = {FB0D2784-4E4F-46D1-AA29-8A4AAD714376}
		{845AA552-0B37-443D-9049-A87912680EDA} = {FB0D2784-4E4F-46D1-AA29-8A4AAD714376}
	EndGlobalSection
	GlobalSection(ExtensibilityGlobals) = postSolution
		SolutionGuid = {A5C9C9BC-EAAA-4454-B5C4-71C00559537D}
	EndGlobalSection
EndGlobal
