
Microsoft Visual Studio Solution File, Format Version 12.00
# Visual Studio Version 17
VisualStudioVersion = 17.1.32210.238
MinimumVisualStudioVersion = 10.0.40219.1
Project("{9A19103F-16F7-4668-BE54-9A1E7A4F7556}") = "Main", "Main\Main.csproj", "{0D3B88A3-9A8C-4100-B695-A969346F53E1}"
EndProject
Project("{9A19103F-16F7-4668-BE54-9A1E7A4F7556}") = "NetConcepts.Model", "NetConcepts.Model\NetConcepts.Model.csproj", "{66286E6F-EFC1-4F64-8493-9DA8B9BC761F}"
EndProject
Project("{9A19103F-16F7-4668-BE54-9A1E7A4F7556}") = "NetConcepts.MultiThread", "NetConcepts.MultiThread\NetConcepts.MultiThread.csproj", "{687AF110-8477-403F-8CA9-69629D9575E2}"
EndProject
Project("{9A19103F-16F7-4668-BE54-9A1E7A4F7556}") = "NetConcepts.DynamicProgramming", "NetConcepts.DynamicProgramming\NetConcepts.DynamicProgramming.csproj", "{89D9A796-4A7B-4755-8EC7-82D57DF25839}"
EndProject
Project("{2150E333-8FDC-42A3-9474-1A3956D46DE8}") = "Application", "Application", "{489A0279-601A-49FA-BE72-EE1518D1157A}"
EndProject
Project("{2150E333-8FDC-42A3-9474-1A3956D46DE8}") = "Core", "Core", "{64578F07-5772-461A-8216-3C4F2958B11A}"
EndProject
Project("{FAE04EC0-301F-11D3-BF4B-00C04F79EFBC}") = "Core", "Core\Core.csproj", "{BFE765DF-E99A-448C-A7A8-CAC8EC905823}"
EndProject
Project("{FAE04EC0-301F-11D3-BF4B-00C04F79EFBC}") = "MailService.AWS.SES", "MailService.AWS.SES\MailService.AWS.SES.csproj", "{CC6068BB-ABF7-4746-A4E1-153768613FE1}"
EndProject
Project("{FAE04EC0-301F-11D3-BF4B-00C04F79EFBC}") = "MailService.SMTP", "MailService.SMTP\MailService.SMTP.csproj", "{3C513801-4E81-4A57-BF0E-1741C1A61EA9}"
EndProject
Global
	GlobalSection(SolutionConfigurationPlatforms) = preSolution
		Debug|Any CPU = Debug|Any CPU
		Release|Any CPU = Release|Any CPU
	EndGlobalSection
	GlobalSection(ProjectConfigurationPlatforms) = postSolution
		{0D3B88A3-9A8C-4100-B695-A969346F53E1}.Debug|Any CPU.ActiveCfg = Debug|Any CPU
		{0D3B88A3-9A8C-4100-B695-A969346F53E1}.Debug|Any CPU.Build.0 = Debug|Any CPU
		{0D3B88A3-9A8C-4100-B695-A969346F53E1}.Release|Any CPU.ActiveCfg = Release|Any CPU
		{0D3B88A3-9A8C-4100-B695-A969346F53E1}.Release|Any CPU.Build.0 = Release|Any CPU
		{66286E6F-EFC1-4F64-8493-9DA8B9BC761F}.Debug|Any CPU.ActiveCfg = Debug|Any CPU
		{66286E6F-EFC1-4F64-8493-9DA8B9BC761F}.Debug|Any CPU.Build.0 = Debug|Any CPU
		{66286E6F-EFC1-4F64-8493-9DA8B9BC761F}.Release|Any CPU.ActiveCfg = Release|Any CPU
		{66286E6F-EFC1-4F64-8493-9DA8B9BC761F}.Release|Any CPU.Build.0 = Release|Any CPU
		{687AF110-8477-403F-8CA9-69629D9575E2}.Debug|Any CPU.ActiveCfg = Debug|Any CPU
		{687AF110-8477-403F-8CA9-69629D9575E2}.Debug|Any CPU.Build.0 = Debug|Any CPU
		{687AF110-8477-403F-8CA9-69629D9575E2}.Release|Any CPU.ActiveCfg = Release|Any CPU
		{687AF110-8477-403F-8CA9-69629D9575E2}.Release|Any CPU.Build.0 = Release|Any CPU
		{89D9A796-4A7B-4755-8EC7-82D57DF25839}.Debug|Any CPU.ActiveCfg = Debug|Any CPU
		{89D9A796-4A7B-4755-8EC7-82D57DF25839}.Debug|Any CPU.Build.0 = Debug|Any CPU
		{89D9A796-4A7B-4755-8EC7-82D57DF25839}.Release|Any CPU.ActiveCfg = Release|Any CPU
		{89D9A796-4A7B-4755-8EC7-82D57DF25839}.Release|Any CPU.Build.0 = Release|Any CPU
		{BFE765DF-E99A-448C-A7A8-CAC8EC905823}.Debug|Any CPU.ActiveCfg = Debug|Any CPU
		{BFE765DF-E99A-448C-A7A8-CAC8EC905823}.Debug|Any CPU.Build.0 = Debug|Any CPU
		{BFE765DF-E99A-448C-A7A8-CAC8EC905823}.Release|Any CPU.ActiveCfg = Release|Any CPU
		{BFE765DF-E99A-448C-A7A8-CAC8EC905823}.Release|Any CPU.Build.0 = Release|Any CPU
		{CC6068BB-ABF7-4746-A4E1-153768613FE1}.Debug|Any CPU.ActiveCfg = Debug|Any CPU
		{CC6068BB-ABF7-4746-A4E1-153768613FE1}.Debug|Any CPU.Build.0 = Debug|Any CPU
		{CC6068BB-ABF7-4746-A4E1-153768613FE1}.Release|Any CPU.ActiveCfg = Release|Any CPU
		{CC6068BB-ABF7-4746-A4E1-153768613FE1}.Release|Any CPU.Build.0 = Release|Any CPU
		{3C513801-4E81-4A57-BF0E-1741C1A61EA9}.Debug|Any CPU.ActiveCfg = Debug|Any CPU
		{3C513801-4E81-4A57-BF0E-1741C1A61EA9}.Debug|Any CPU.Build.0 = Debug|Any CPU
		{3C513801-4E81-4A57-BF0E-1741C1A61EA9}.Release|Any CPU.ActiveCfg = Release|Any CPU
		{3C513801-4E81-4A57-BF0E-1741C1A61EA9}.Release|Any CPU.Build.0 = Release|Any CPU
	EndGlobalSection
	GlobalSection(SolutionProperties) = preSolution
		HideSolutionNode = FALSE
	EndGlobalSection
	GlobalSection(NestedProjects) = preSolution
		{BFE765DF-E99A-448C-A7A8-CAC8EC905823} = {64578F07-5772-461A-8216-3C4F2958B11A}
		{CC6068BB-ABF7-4746-A4E1-153768613FE1} = {489A0279-601A-49FA-BE72-EE1518D1157A}
		{3C513801-4E81-4A57-BF0E-1741C1A61EA9} = {489A0279-601A-49FA-BE72-EE1518D1157A}
	EndGlobalSection
	GlobalSection(ExtensibilityGlobals) = postSolution
		SolutionGuid = {07A89AE0-138E-4764-A627-6BBC0C001C79}
	EndGlobalSection
EndGlobal
