
Microsoft Visual Studio Solution File, Format Version 12.00
# Visual Studio Version 17
VisualStudioVersion = 17.1.32228.430
MinimumVisualStudioVersion = 10.0.40219.1
Project("{9A19103F-16F7-4668-BE54-9A1E7A4F7556}") = "Main", "Main\Main.csproj", "{0D3B88A3-9A8C-4100-B695-A969346F53E1}"
EndProject
Project("{9A19103F-16F7-4668-BE54-9A1E7A4F7556}") = "NetConcepts.Model", "NetConcepts.Model\NetConcepts.Model.csproj", "{66286E6F-EFC1-4F64-8493-9DA8B9BC761F}"
EndProject
Project("{9A19103F-16F7-4668-BE54-9A1E7A4F7556}") = "NetConcepts.MultiThread", "NetConcepts.MultiThread\NetConcepts.MultiThread.csproj", "{687AF110-8477-403F-8CA9-69629D9575E2}"
EndProject
Project("{9A19103F-16F7-4668-BE54-9A1E7A4F7556}") = "NetConcepts.DynamicProgramming", "NetConcepts.DynamicProgramming\NetConcepts.DynamicProgramming.csproj", "{89D9A796-4A7B-4755-8EC7-82D57DF25839}"
EndProject
Project("{2150E333-8FDC-42A3-9474-1A3956D46DE8}") = "Core", "Core", "{1DA3E6B4-6872-4F0F-BDE3-E6C6F1F17ACE}"
EndProject
Project("{2150E333-8FDC-42A3-9474-1A3956D46DE8}") = "Application", "Application", "{C15BCC74-2AD5-4C1C-94AF-BA8FF02AD525}"
EndProject
Project("{9A19103F-16F7-4668-BE54-9A1E7A4F7556}") = "Core", "..\_Ashutosh\Core\Core.csproj", "{B105C5F0-3D09-4DF1-B89E-906841C8F0CD}"
EndProject
Project("{9A19103F-16F7-4668-BE54-9A1E7A4F7556}") = "MailService.AWS.SES", "..\_Ashutosh\MailService.AWS.SES\MailService.AWS.SES.csproj", "{2055E70F-F308-415F-AED3-3C0E241EBB67}"
EndProject
Project("{9A19103F-16F7-4668-BE54-9A1E7A4F7556}") = "MailService.SMTP", "..\_Ashutosh\MailService.SMTP\MailService.SMTP.csproj", "{2812F4EE-1ABC-42D5-9F59-64E87405380B}"
EndProject
Global
	GlobalSection(SolutionConfigurationPlatforms) = preSolution
		Debug|Any CPU = Debug|Any CPU
		Release|Any CPU = Release|Any CPU
	EndGlobalSection
	GlobalSection(ProjectConfigurationPlatforms) = postSolution
		{0D3B88A3-9A8C-4100-B695-A969346F53E1}.Debug|Any CPU.ActiveCfg = Debug|Any CPU
		{0D3B88A3-9A8C-4100-B695-A969346F53E1}.Debug|Any CPU.Build.0 = Debug|Any CPU
		{0D3B88A3-9A8C-4100-B695-A969346F53E1}.Release|Any CPU.ActiveCfg = Release|Any CPU
		{0D3B88A3-9A8C-4100-B695-A969346F53E1}.Release|Any CPU.Build.0 = Release|Any CPU
		{66286E6F-EFC1-4F64-8493-9DA8B9BC761F}.Debug|Any CPU.ActiveCfg = Debug|Any CPU
		{66286E6F-EFC1-4F64-8493-9DA8B9BC761F}.Debug|Any CPU.Build.0 = Debug|Any CPU
		{66286E6F-EFC1-4F64-8493-9DA8B9BC761F}.Release|Any CPU.ActiveCfg = Release|Any CPU
		{66286E6F-EFC1-4F64-8493-9DA8B9BC761F}.Release|Any CPU.Build.0 = Release|Any CPU
		{687AF110-8477-403F-8CA9-69629D9575E2}.Debug|Any CPU.ActiveCfg = Debug|Any CPU
		{687AF110-8477-403F-8CA9-69629D9575E2}.Debug|Any CPU.Build.0 = Debug|Any CPU
		{687AF110-8477-403F-8CA9-69629D9575E2}.Release|Any CPU.ActiveCfg = Release|Any CPU
		{687AF110-8477-403F-8CA9-69629D9575E2}.Release|Any CPU.Build.0 = Release|Any CPU
		{89D9A796-4A7B-4755-8EC7-82D57DF25839}.Debug|Any CPU.ActiveCfg = Debug|Any CPU
		{89D9A796-4A7B-4755-8EC7-82D57DF25839}.Debug|Any CPU.Build.0 = Debug|Any CPU
		{89D9A796-4A7B-4755-8EC7-82D57DF25839}.Release|Any CPU.ActiveCfg = Release|Any CPU
		{89D9A796-4A7B-4755-8EC7-82D57DF25839}.Release|Any CPU.Build.0 = Release|Any CPU
		{B105C5F0-3D09-4DF1-B89E-906841C8F0CD}.Debug|Any CPU.ActiveCfg = Debug|Any CPU
		{B105C5F0-3D09-4DF1-B89E-906841C8F0CD}.Debug|Any CPU.Build.0 = Debug|Any CPU
		{B105C5F0-3D09-4DF1-B89E-906841C8F0CD}.Release|Any CPU.ActiveCfg = Release|Any CPU
		{B105C5F0-3D09-4DF1-B89E-906841C8F0CD}.Release|Any CPU.Build.0 = Release|Any CPU
		{2055E70F-F308-415F-AED3-3C0E241EBB67}.Debug|Any CPU.ActiveCfg = Debug|Any CPU
		{2055E70F-F308-415F-AED3-3C0E241EBB67}.Debug|Any CPU.Build.0 = Debug|Any CPU
		{2055E70F-F308-415F-AED3-3C0E241EBB67}.Release|Any CPU.ActiveCfg = Release|Any CPU
		{2055E70F-F308-415F-AED3-3C0E241EBB67}.Release|Any CPU.Build.0 = Release|Any CPU
		{2812F4EE-1ABC-42D5-9F59-64E87405380B}.Debug|Any CPU.ActiveCfg = Debug|Any CPU
		{2812F4EE-1ABC-42D5-9F59-64E87405380B}.Debug|Any CPU.Build.0 = Debug|Any CPU
		{2812F4EE-1ABC-42D5-9F59-64E87405380B}.Release|Any CPU.ActiveCfg = Release|Any CPU
		{2812F4EE-1ABC-42D5-9F59-64E87405380B}.Release|Any CPU.Build.0 = Release|Any CPU
	EndGlobalSection
	GlobalSection(SolutionProperties) = preSolution
		HideSolutionNode = FALSE
	EndGlobalSection
	GlobalSection(NestedProjects) = preSolution
		{B105C5F0-3D09-4DF1-B89E-906841C8F0CD} = {1DA3E6B4-6872-4F0F-BDE3-E6C6F1F17ACE}
		{2055E70F-F308-415F-AED3-3C0E241EBB67} = {C15BCC74-2AD5-4C1C-94AF-BA8FF02AD525}
		{2812F4EE-1ABC-42D5-9F59-64E87405380B} = {C15BCC74-2AD5-4C1C-94AF-BA8FF02AD525}
	EndGlobalSection
	GlobalSection(ExtensibilityGlobals) = postSolution
		SolutionGuid = {07A89AE0-138E-4764-A627-6BBC0C001C79}
	EndGlobalSection
EndGlobal
