
Microsoft Visual Studio Solution File, Format Version 12.00
# Visual Studio Version 17
VisualStudioVersion = 17.3.32811.315
MinimumVisualStudioVersion = 10.0.40219.1
Project("{9A19103F-16F7-4668-BE54-9A1E7A4F7556}") = "BasicModule", "BasicModule\BasicModule.csproj", "{8DF90E99-4E84-4D4E-8417-CC91C7F2E308}"
EndProject
Project("{9A19103F-16F7-4668-BE54-9A1E7A4F7556}") = "Core", "Core\Core.csproj", "{B9C828E9-8C50-4ACB-854A-F4E0ACD6010F}"
EndProject
Project("{9A19103F-16F7-4668-BE54-9A1E7A4F7556}") = "MailService.AWS.SES", "MailService.AWS.SES\MailService.AWS.SES.csproj", "{DFF92651-437E-4283-A24D-DE3DB2EE9284}"
EndProject
Project("{9A19103F-16F7-4668-BE54-9A1E7A4F7556}") = "MailService.SMTP", "MailService.SMTP\MailService.SMTP.csproj", "{B2297C3A-BF0A-4046-A49E-20D47C8CC5FC}"
EndProject
Project("{2150E333-8FDC-42A3-9474-1A3956D46DE8}") = "Application", "Application", "{823B6423-CB0A-422C-8F39-33088232E99F}"
EndProject
Project("{2150E333-8FDC-42A3-9474-1A3956D46DE8}") = "Infra", "Infra", "{2BAFDABC-7A37-4B42-8FC6-92EB923F7FEE}"
EndProject
Project("{9A19103F-16F7-4668-BE54-9A1E7A4F7556}") = "XUnit_BasicModules_Tests", "XUnit_BasicModules_Tests\XUnit_BasicModules_Tests.csproj", "{3DFAE852-D926-4590-8894-C58B3A5C669F}"
EndProject
Project("{2150E333-8FDC-42A3-9474-1A3956D46DE8}") = "WebApi", "WebApi", "{5D680C2F-39E2-4012-B5D3-D01AFBE9AFB1}"
EndProject
Project("{9A19103F-16F7-4668-BE54-9A1E7A4F7556}") = "EmployeeManagementApi", "EmployeeManagementApi\EmployeeManagementApi.csproj", "{B3695F47-7E21-49B1-ABD4-E3B529E52D5E}"
EndProject
Project("{2150E333-8FDC-42A3-9474-1A3956D46DE8}") = "Tests", "Tests", "{9AC79F9A-4F13-4E0D-8074-830746E22556}"
EndProject
Project("{9A19103F-16F7-4668-BE54-9A1E7A4F7556}") = "BasicMock_Tests", "BasicMock_Tests\BasicMock_Tests.csproj", "{2CA42B01-07FE-465E-ABE8-F442C7ECDD72}"
EndProject
Project("{FAE04EC0-301F-11D3-BF4B-00C04F79EFBC}") = "BasicMocks", "BasicMocks\BasicMocks.csproj", "{B4B08458-6CB6-45F1-9CCE-78C64F4048B0}"
EndProject
Global
	GlobalSection(SolutionConfigurationPlatforms) = preSolution
		Debug|Any CPU = Debug|Any CPU
		Release|Any CPU = Release|Any CPU
	EndGlobalSection
	GlobalSection(ProjectConfigurationPlatforms) = postSolution
		{8DF90E99-4E84-4D4E-8417-CC91C7F2E308}.Debug|Any CPU.ActiveCfg = Debug|Any CPU
		{8DF90E99-4E84-4D4E-8417-CC91C7F2E308}.Debug|Any CPU.Build.0 = Debug|Any CPU
		{8DF90E99-4E84-4D4E-8417-CC91C7F2E308}.Release|Any CPU.ActiveCfg = Release|Any CPU
		{8DF90E99-4E84-4D4E-8417-CC91C7F2E308}.Release|Any CPU.Build.0 = Release|Any CPU
		{B9C828E9-8C50-4ACB-854A-F4E0ACD6010F}.Debug|Any CPU.ActiveCfg = Debug|Any CPU
		{B9C828E9-8C50-4ACB-854A-F4E0ACD6010F}.Debug|Any CPU.Build.0 = Debug|Any CPU
		{B9C828E9-8C50-4ACB-854A-F4E0ACD6010F}.Release|Any CPU.ActiveCfg = Release|Any CPU
		{B9C828E9-8C50-4ACB-854A-F4E0ACD6010F}.Release|Any CPU.Build.0 = Release|Any CPU
		{DFF92651-437E-4283-A24D-DE3DB2EE9284}.Debug|Any CPU.ActiveCfg = Debug|Any CPU
		{DFF92651-437E-4283-A24D-DE3DB2EE9284}.Debug|Any CPU.Build.0 = Debug|Any CPU
		{DFF92651-437E-4283-A24D-DE3DB2EE9284}.Release|Any CPU.ActiveCfg = Release|Any CPU
		{DFF92651-437E-4283-A24D-DE3DB2EE9284}.Release|Any CPU.Build.0 = Release|Any CPU
		{B2297C3A-BF0A-4046-A49E-20D47C8CC5FC}.Debug|Any CPU.ActiveCfg = Debug|Any CPU
		{B2297C3A-BF0A-4046-A49E-20D47C8CC5FC}.Debug|Any CPU.Build.0 = Debug|Any CPU
		{B2297C3A-BF0A-4046-A49E-20D47C8CC5FC}.Release|Any CPU.ActiveCfg = Release|Any CPU
		{B2297C3A-BF0A-4046-A49E-20D47C8CC5FC}.Release|Any CPU.Build.0 = Release|Any CPU
		{3DFAE852-D926-4590-8894-C58B3A5C669F}.Debug|Any CPU.ActiveCfg = Debug|Any CPU
		{3DFAE852-D926-4590-8894-C58B3A5C669F}.Debug|Any CPU.Build.0 = Debug|Any CPU
		{3DFAE852-D926-4590-8894-C58B3A5C669F}.Release|Any CPU.ActiveCfg = Release|Any CPU
		{3DFAE852-D926-4590-8894-C58B3A5C669F}.Release|Any CPU.Build.0 = Release|Any CPU
		{B3695F47-7E21-49B1-ABD4-E3B529E52D5E}.Debug|Any CPU.ActiveCfg = Debug|Any CPU
		{B3695F47-7E21-49B1-ABD4-E3B529E52D5E}.Debug|Any CPU.Build.0 = Debug|Any CPU
		{B3695F47-7E21-49B1-ABD4-E3B529E52D5E}.Release|Any CPU.ActiveCfg = Release|Any CPU
		{B3695F47-7E21-49B1-ABD4-E3B529E52D5E}.Release|Any CPU.Build.0 = Release|Any CPU
		{2CA42B01-07FE-465E-ABE8-F442C7ECDD72}.Debug|Any CPU.ActiveCfg = Debug|Any CPU
		{2CA42B01-07FE-465E-ABE8-F442C7ECDD72}.Debug|Any CPU.Build.0 = Debug|Any CPU
		{2CA42B01-07FE-465E-ABE8-F442C7ECDD72}.Release|Any CPU.ActiveCfg = Release|Any CPU
		{2CA42B01-07FE-465E-ABE8-F442C7ECDD72}.Release|Any CPU.Build.0 = Release|Any CPU
		{B4B08458-6CB6-45F1-9CCE-78C64F4048B0}.Debug|Any CPU.ActiveCfg = Debug|Any CPU
		{B4B08458-6CB6-45F1-9CCE-78C64F4048B0}.Debug|Any CPU.Build.0 = Debug|Any CPU
		{B4B08458-6CB6-45F1-9CCE-78C64F4048B0}.Release|Any CPU.ActiveCfg = Release|Any CPU
		{B4B08458-6CB6-45F1-9CCE-78C64F4048B0}.Release|Any CPU.Build.0 = Release|Any CPU
	EndGlobalSection
	GlobalSection(SolutionProperties) = preSolution
		HideSolutionNode = FALSE
	EndGlobalSection
	GlobalSection(NestedProjects) = preSolution
		{B9C828E9-8C50-4ACB-854A-F4E0ACD6010F} = {2BAFDABC-7A37-4B42-8FC6-92EB923F7FEE}
		{DFF92651-437E-4283-A24D-DE3DB2EE9284} = {823B6423-CB0A-422C-8F39-33088232E99F}
		{B2297C3A-BF0A-4046-A49E-20D47C8CC5FC} = {823B6423-CB0A-422C-8F39-33088232E99F}
		{3DFAE852-D926-4590-8894-C58B3A5C669F} = {9AC79F9A-4F13-4E0D-8074-830746E22556}
		{B3695F47-7E21-49B1-ABD4-E3B529E52D5E} = {5D680C2F-39E2-4012-B5D3-D01AFBE9AFB1}
		{2CA42B01-07FE-465E-ABE8-F442C7ECDD72} = {9AC79F9A-4F13-4E0D-8074-830746E22556}
	EndGlobalSection
	GlobalSection(ExtensibilityGlobals) = postSolution
		SolutionGuid = {BC340755-3D3F-4E7B-B22C-ED297C1B71A7}
	EndGlobalSection
EndGlobal
